
Microsoft Visual Studio Solution File, Format Version 12.00
# Visual Studio Version 16
VisualStudioVersion = 16.0.29326.143
MinimumVisualStudioVersion = 10.0.40219.1
Project("{FAE04EC0-301F-11D3-BF4B-00C04F79EFBC}") = "school_meal", "school_meal\school_meal.csproj", "{E6A86531-0924-452D-8DDC-12646DB4BCDB}"
EndProject
Global
	GlobalSection(SolutionConfigurationPlatforms) = preSolution
		Debug|Any CPU = Debug|Any CPU
		Release|Any CPU = Release|Any CPU
	EndGlobalSection
	GlobalSection(ProjectConfigurationPlatforms) = postSolution
		{E6A86531-0924-452D-8DDC-12646DB4BCDB}.Debug|Any CPU.ActiveCfg = Debug|Any CPU
		{E6A86531-0924-452D-8DDC-12646DB4BCDB}.Debug|Any CPU.Build.0 = Debug|Any CPU
		{E6A86531-0924-452D-8DDC-12646DB4BCDB}.Release|Any CPU.ActiveCfg = Release|Any CPU
		{E6A86531-0924-452D-8DDC-12646DB4BCDB}.Release|Any CPU.Build.0 = Release|Any CPU
	EndGlobalSection
	GlobalSection(SolutionProperties) = preSolution
		HideSolutionNode = FALSE
	EndGlobalSection
	GlobalSection(ExtensibilityGlobals) = postSolution
		SolutionGuid = {1B32672D-C008-4204-B41E-9A4C1CB4B9ED}
	EndGlobalSection
EndGlobal
